// !$*UTF8*$!
{
	archiveVersion = 1;
	classes = {
	};
	objectVersion = 55;
	objects = {

/* Begin PBXBuildFile section */
		B003B46727E0BDE8000F366B /* AppDelegate.swift in Sources */ = {isa = PBXBuildFile; fileRef = B003B46627E0BDE8000F366B /* AppDelegate.swift */; };
		B003B46927E0BDE8000F366B /* SceneDelegate.swift in Sources */ = {isa = PBXBuildFile; fileRef = B003B46827E0BDE8000F366B /* SceneDelegate.swift */; };
		B003B46B27E0BDE8000F366B /* ViewController.swift in Sources */ = {isa = PBXBuildFile; fileRef = B003B46A27E0BDE8000F366B /* ViewController.swift */; };
		B003B46E27E0BDE8000F366B /* Main.storyboard in Resources */ = {isa = PBXBuildFile; fileRef = B003B46C27E0BDE8000F366B /* Main.storyboard */; };
		B003B47127E0BDE8000F366B /* ToDoList.xcdatamodeld in Sources */ = {isa = PBXBuildFile; fileRef = B003B46F27E0BDE8000F366B /* ToDoList.xcdatamodeld */; };
		B003B47327E0BDEA000F366B /* Assets.xcassets in Resources */ = {isa = PBXBuildFile; fileRef = B003B47227E0BDEA000F366B /* Assets.xcassets */; };
		B003B47627E0BDEA000F366B /* LaunchScreen.storyboard in Resources */ = {isa = PBXBuildFile; fileRef = B003B47427E0BDEA000F366B /* LaunchScreen.storyboard */; };
		B003B48127E0BDEA000F366B /* ToDoListTests.swift in Sources */ = {isa = PBXBuildFile; fileRef = B003B48027E0BDEA000F366B /* ToDoListTests.swift */; };
		B003B48B27E0BDEA000F366B /* ToDoListUITests.swift in Sources */ = {isa = PBXBuildFile; fileRef = B003B48A27E0BDEA000F366B /* ToDoListUITests.swift */; };
		B003B48D27E0BDEA000F366B /* ToDoListUITestsLaunchTests.swift in Sources */ = {isa = PBXBuildFile; fileRef = B003B48C27E0BDEA000F366B /* ToDoListUITestsLaunchTests.swift */; };
/* End PBXBuildFile section */

/* Begin PBXContainerItemProxy section */
		B003B47D27E0BDEA000F366B /* PBXContainerItemProxy */ = {
			isa = PBXContainerItemProxy;
			containerPortal = B003B45B27E0BDE8000F366B /* Project object */;
			proxyType = 1;
			remoteGlobalIDString = B003B46227E0BDE8000F366B;
			remoteInfo = ToDoList;
		};
		B003B48727E0BDEA000F366B /* PBXContainerItemProxy */ = {
			isa = PBXContainerItemProxy;
			containerPortal = B003B45B27E0BDE8000F366B /* Project object */;
			proxyType = 1;
			remoteGlobalIDString = B003B46227E0BDE8000F366B;
			remoteInfo = ToDoList;
		};
/* End PBXContainerItemProxy section */

/* Begin PBXFileReference section */
		B003B46327E0BDE8000F366B /* ToDoList.app */ = {isa = PBXFileReference; explicitFileType = wrapper.application; includeInIndex = 0; path = ToDoList.app; sourceTree = BUILT_PRODUCTS_DIR; };
		B003B46627E0BDE8000F366B /* AppDelegate.swift */ = {isa = PBXFileReference; lastKnownFileType = sourcecode.swift; path = AppDelegate.swift; sourceTree = "<group>"; };
		B003B46827E0BDE8000F366B /* SceneDelegate.swift */ = {isa = PBXFileReference; lastKnownFileType = sourcecode.swift; path = SceneDelegate.swift; sourceTree = "<group>"; };
		B003B46A27E0BDE8000F366B /* ViewController.swift */ = {isa = PBXFileReference; lastKnownFileType = sourcecode.swift; path = ViewController.swift; sourceTree = "<group>"; };
		B003B46D27E0BDE8000F366B /* Base */ = {isa = PBXFileReference; lastKnownFileType = file.storyboard; name = Base; path = Base.lproj/Main.storyboard; sourceTree = "<group>"; };
		B003B47027E0BDE8000F366B /* ToDoList.xcdatamodel */ = {isa = PBXFileReference; lastKnownFileType = wrapper.xcdatamodel; path = ToDoList.xcdatamodel; sourceTree = "<group>"; };
		B003B47227E0BDEA000F366B /* Assets.xcassets */ = {isa = PBXFileReference; lastKnownFileType = folder.assetcatalog; path = Assets.xcassets; sourceTree = "<group>"; };
		B003B47527E0BDEA000F366B /* Base */ = {isa = PBXFileReference; lastKnownFileType = file.storyboard; name = Base; path = Base.lproj/LaunchScreen.storyboard; sourceTree = "<group>"; };
		B003B47727E0BDEA000F366B /* Info.plist */ = {isa = PBXFileReference; lastKnownFileType = text.plist.xml; path = Info.plist; sourceTree = "<group>"; };
		B003B47C27E0BDEA000F366B /* ToDoListTests.xctest */ = {isa = PBXFileReference; explicitFileType = wrapper.cfbundle; includeInIndex = 0; path = ToDoListTests.xctest; sourceTree = BUILT_PRODUCTS_DIR; };
		B003B48027E0BDEA000F366B /* ToDoListTests.swift */ = {isa = PBXFileReference; lastKnownFileType = sourcecode.swift; path = ToDoListTests.swift; sourceTree = "<group>"; };
		B003B48627E0BDEA000F366B /* ToDoListUITests.xctest */ = {isa = PBXFileReference; explicitFileType = wrapper.cfbundle; includeInIndex = 0; path = ToDoListUITests.xctest; sourceTree = BUILT_PRODUCTS_DIR; };
		B003B48A27E0BDEA000F366B /* ToDoListUITests.swift */ = {isa = PBXFileReference; lastKnownFileType = sourcecode.swift; path = ToDoListUITests.swift; sourceTree = "<group>"; };
		B003B48C27E0BDEA000F366B /* ToDoListUITestsLaunchTests.swift */ = {isa = PBXFileReference; lastKnownFileType = sourcecode.swift; path = ToDoListUITestsLaunchTests.swift; sourceTree = "<group>"; };
/* End PBXFileReference section */

/* Begin PBXFrameworksBuildPhase section */
		B003B46027E0BDE8000F366B /* Frameworks */ = {
			isa = PBXFrameworksBuildPhase;
			buildActionMask = 2147483647;
			files = (
			);
			runOnlyForDeploymentPostprocessing = 0;
		};
		B003B47927E0BDEA000F366B /* Frameworks */ = {
			isa = PBXFrameworksBuildPhase;
			buildActionMask = 2147483647;
			files = (
			);
			runOnlyForDeploymentPostprocessing = 0;
		};
		B003B48327E0BDEA000F366B /* Frameworks */ = {
			isa = PBXFrameworksBuildPhase;
			buildActionMask = 2147483647;
			files = (
			);
			runOnlyForDeploymentPostprocessing = 0;
		};
/* End PBXFrameworksBuildPhase section */

/* Begin PBXGroup section */
		B003B45A27E0BDE8000F366B = {
			isa = PBXGroup;
			children = (
				B003B46527E0BDE8000F366B /* ToDoList */,
				B003B47F27E0BDEA000F366B /* ToDoListTests */,
				B003B48927E0BDEA000F366B /* ToDoListUITests */,
				B003B46427E0BDE8000F366B /* Products */,
			);
			sourceTree = "<group>";
		};
		B003B46427E0BDE8000F366B /* Products */ = {
			isa = PBXGroup;
			children = (
				B003B46327E0BDE8000F366B /* ToDoList.app */,
				B003B47C27E0BDEA000F366B /* ToDoListTests.xctest */,
				B003B48627E0BDEA000F366B /* ToDoListUITests.xctest */,
			);
			name = Products;
			sourceTree = "<group>";
		};
		B003B46527E0BDE8000F366B /* ToDoList */ = {
			isa = PBXGroup;
			children = (
				B003B46627E0BDE8000F366B /* AppDelegate.swift */,
				B003B46827E0BDE8000F366B /* SceneDelegate.swift */,
				B003B46A27E0BDE8000F366B /* ViewController.swift */,
				B003B46C27E0BDE8000F366B /* Main.storyboard */,
				B003B47227E0BDEA000F366B /* Assets.xcassets */,
				B003B47427E0BDEA000F366B /* LaunchScreen.storyboard */,
				B003B47727E0BDEA000F366B /* Info.plist */,
				B003B46F27E0BDE8000F366B /* ToDoList.xcdatamodeld */,
			);
			path = ToDoList;
			sourceTree = "<group>";
		};
		B003B47F27E0BDEA000F366B /* ToDoListTests */ = {
			isa = PBXGroup;
			children = (
				B003B48027E0BDEA000F366B /* ToDoListTests.swift */,
			);
			path = ToDoListTests;
			sourceTree = "<group>";
		};
		B003B48927E0BDEA000F366B /* ToDoListUITests */ = {
			isa = PBXGroup;
			children = (
				B003B48A27E0BDEA000F366B /* ToDoListUITests.swift */,
				B003B48C27E0BDEA000F366B /* ToDoListUITestsLaunchTests.swift */,
			);
			path = ToDoListUITests;
			sourceTree = "<group>";
		};
/* End PBXGroup section */

/* Begin PBXNativeTarget section */
		B003B46227E0BDE8000F366B /* ToDoList */ = {
			isa = PBXNativeTarget;
			buildConfigurationList = B003B49027E0BDEA000F366B /* Build configuration list for PBXNativeTarget "ToDoList" */;
			buildPhases = (
				B003B45F27E0BDE8000F366B /* Sources */,
				B003B46027E0BDE8000F366B /* Frameworks */,
				B003B46127E0BDE8000F366B /* Resources */,
			);
			buildRules = (
			);
			dependencies = (
			);
			name = ToDoList;
			productName = ToDoList;
			productReference = B003B46327E0BDE8000F366B /* ToDoList.app */;
			productType = "com.apple.product-type.application";
		};
		B003B47B27E0BDEA000F366B /* ToDoListTests */ = {
			isa = PBXNativeTarget;
			buildConfigurationList = B003B49327E0BDEA000F366B /* Build configuration list for PBXNativeTarget "ToDoListTests" */;
			buildPhases = (
				B003B47827E0BDEA000F366B /* Sources */,
				B003B47927E0BDEA000F366B /* Frameworks */,
				B003B47A27E0BDEA000F366B /* Resources */,
			);
			buildRules = (
			);
			dependencies = (
				B003B47E27E0BDEA000F366B /* PBXTargetDependency */,
			);
			name = ToDoListTests;
			productName = ToDoListTests;
			productReference = B003B47C27E0BDEA000F366B /* ToDoListTests.xctest */;
			productType = "com.apple.product-type.bundle.unit-test";
		};
		B003B48527E0BDEA000F366B /* ToDoListUITests */ = {
			isa = PBXNativeTarget;
			buildConfigurationList = B003B49627E0BDEA000F366B /* Build configuration list for PBXNativeTarget "ToDoListUITests" */;
			buildPhases = (
				B003B48227E0BDEA000F366B /* Sources */,
				B003B48327E0BDEA000F366B /* Frameworks */,
				B003B48427E0BDEA000F366B /* Resources */,
			);
			buildRules = (
			);
			dependencies = (
				B003B48827E0BDEA000F366B /* PBXTargetDependency */,
			);
			name = ToDoListUITests;
			productName = ToDoListUITests;
			productReference = B003B48627E0BDEA000F366B /* ToDoListUITests.xctest */;
			productType = "com.apple.product-type.bundle.ui-testing";
		};
/* End PBXNativeTarget section */

/* Begin PBXProject section */
		B003B45B27E0BDE8000F366B /* Project object */ = {
			isa = PBXProject;
			attributes = {
				BuildIndependentTargetsInParallel = 1;
				LastSwiftUpdateCheck = 1310;
				LastUpgradeCheck = 1310;
				TargetAttributes = {
					B003B46227E0BDE8000F366B = {
						CreatedOnToolsVersion = 13.1;
					};
					B003B47B27E0BDEA000F366B = {
						CreatedOnToolsVersion = 13.1;
						TestTargetID = B003B46227E0BDE8000F366B;
					};
					B003B48527E0BDEA000F366B = {
						CreatedOnToolsVersion = 13.1;
						TestTargetID = B003B46227E0BDE8000F366B;
					};
				};
			};
			buildConfigurationList = B003B45E27E0BDE8000F366B /* Build configuration list for PBXProject "ToDoList" */;
			compatibilityVersion = "Xcode 13.0";
			developmentRegion = en;
			hasScannedForEncodings = 0;
			knownRegions = (
				en,
				Base,
			);
			mainGroup = B003B45A27E0BDE8000F366B;
			productRefGroup = B003B46427E0BDE8000F366B /* Products */;
			projectDirPath = "";
			projectRoot = "";
			targets = (
				B003B46227E0BDE8000F366B /* ToDoList */,
				B003B47B27E0BDEA000F366B /* ToDoListTests */,
				B003B48527E0BDEA000F366B /* ToDoListUITests */,
			);
		};
/* End PBXProject section */

/* Begin PBXResourcesBuildPhase section */
		B003B46127E0BDE8000F366B /* Resources */ = {
			isa = PBXResourcesBuildPhase;
			buildActionMask = 2147483647;
			files = (
				B003B47627E0BDEA000F366B /* LaunchScreen.storyboard in Resources */,
				B003B47327E0BDEA000F366B /* Assets.xcassets in Resources */,
				B003B46E27E0BDE8000F366B /* Main.storyboard in Resources */,
			);
			runOnlyForDeploymentPostprocessing = 0;
		};
		B003B47A27E0BDEA000F366B /* Resources */ = {
			isa = PBXResourcesBuildPhase;
			buildActionMask = 2147483647;
			files = (
			);
			runOnlyForDeploymentPostprocessing = 0;
		};
		B003B48427E0BDEA000F366B /* Resources */ = {
			isa = PBXResourcesBuildPhase;
			buildActionMask = 2147483647;
			files = (
			);
			runOnlyForDeploymentPostprocessing = 0;
		};
/* End PBXResourcesBuildPhase section */

/* Begin PBXSourcesBuildPhase section */
		B003B45F27E0BDE8000F366B /* Sources */ = {
			isa = PBXSourcesBuildPhase;
			buildActionMask = 2147483647;
			files = (
				B003B46B27E0BDE8000F366B /* ViewController.swift in Sources */,
				B003B46727E0BDE8000F366B /* AppDelegate.swift in Sources */,
				B003B46927E0BDE8000F366B /* SceneDelegate.swift in Sources */,
				B003B47127E0BDE8000F366B /* ToDoList.xcdatamodeld in Sources */,
			);
			runOnlyForDeploymentPostprocessing = 0;
		};
		B003B47827E0BDEA000F366B /* Sources */ = {
			isa = PBXSourcesBuildPhase;
			buildActionMask = 2147483647;
			files = (
				B003B48127E0BDEA000F366B /* ToDoListTests.swift in Sources */,
			);
			runOnlyForDeploymentPostprocessing = 0;
		};
		B003B48227E0BDEA000F366B /* Sources */ = {
			isa = PBXSourcesBuildPhase;
			buildActionMask = 2147483647;
			files = (
				B003B48D27E0BDEA000F366B /* ToDoListUITestsLaunchTests.swift in Sources */,
				B003B48B27E0BDEA000F366B /* ToDoListUITests.swift in Sources */,
			);
			runOnlyForDeploymentPostprocessing = 0;
		};
/* End PBXSourcesBuildPhase section */

/* Begin PBXTargetDependency section */
		B003B47E27E0BDEA000F366B /* PBXTargetDependency */ = {
			isa = PBXTargetDependency;
			target = B003B46227E0BDE8000F366B /* ToDoList */;
			targetProxy = B003B47D27E0BDEA000F366B /* PBXContainerItemProxy */;
		};
		B003B48827E0BDEA000F366B /* PBXTargetDependency */ = {
			isa = PBXTargetDependency;
			target = B003B46227E0BDE8000F366B /* ToDoList */;
			targetProxy = B003B48727E0BDEA000F366B /* PBXContainerItemProxy */;
		};
/* End PBXTargetDependency section */

/* Begin PBXVariantGroup section */
		B003B46C27E0BDE8000F366B /* Main.storyboard */ = {
			isa = PBXVariantGroup;
			children = (
				B003B46D27E0BDE8000F366B /* Base */,
			);
			name = Main.storyboard;
			sourceTree = "<group>";
		};
		B003B47427E0BDEA000F366B /* LaunchScreen.storyboard */ = {
			isa = PBXVariantGroup;
			children = (
				B003B47527E0BDEA000F366B /* Base */,
			);
			name = LaunchScreen.storyboard;
			sourceTree = "<group>";
		};
/* End PBXVariantGroup section */

/* Begin XCBuildConfiguration section */
		B003B48E27E0BDEA000F366B /* Debug */ = {
			isa = XCBuildConfiguration;
			buildSettings = {
				ALWAYS_SEARCH_USER_PATHS = NO;
				CLANG_ANALYZER_NONNULL = YES;
				CLANG_ANALYZER_NUMBER_OBJECT_CONVERSION = YES_AGGRESSIVE;
				CLANG_CXX_LANGUAGE_STANDARD = "gnu++17";
				CLANG_CXX_LIBRARY = "libc++";
				CLANG_ENABLE_MODULES = YES;
				CLANG_ENABLE_OBJC_ARC = YES;
				CLANG_ENABLE_OBJC_WEAK = YES;
				CLANG_WARN_BLOCK_CAPTURE_AUTORELEASING = YES;
				CLANG_WARN_BOOL_CONVERSION = YES;
				CLANG_WARN_COMMA = YES;
				CLANG_WARN_CONSTANT_CONVERSION = YES;
				CLANG_WARN_DEPRECATED_OBJC_IMPLEMENTATIONS = YES;
				CLANG_WARN_DIRECT_OBJC_ISA_USAGE = YES_ERROR;
				CLANG_WARN_DOCUMENTATION_COMMENTS = YES;
				CLANG_WARN_EMPTY_BODY = YES;
				CLANG_WARN_ENUM_CONVERSION = YES;
				CLANG_WARN_INFINITE_RECURSION = YES;
				CLANG_WARN_INT_CONVERSION = YES;
				CLANG_WARN_NON_LITERAL_NULL_CONVERSION = YES;
				CLANG_WARN_OBJC_IMPLICIT_RETAIN_SELF = YES;
				CLANG_WARN_OBJC_LITERAL_CONVERSION = YES;
				CLANG_WARN_OBJC_ROOT_CLASS = YES_ERROR;
				CLANG_WARN_QUOTED_INCLUDE_IN_FRAMEWORK_HEADER = YES;
				CLANG_WARN_RANGE_LOOP_ANALYSIS = YES;
				CLANG_WARN_STRICT_PROTOTYPES = YES;
				CLANG_WARN_SUSPICIOUS_MOVE = YES;
				CLANG_WARN_UNGUARDED_AVAILABILITY = YES_AGGRESSIVE;
				CLANG_WARN_UNREACHABLE_CODE = YES;
				CLANG_WARN__DUPLICATE_METHOD_MATCH = YES;
				COPY_PHASE_STRIP = NO;
				DEBUG_INFORMATION_FORMAT = dwarf;
				ENABLE_STRICT_OBJC_MSGSEND = YES;
				ENABLE_TESTABILITY = YES;
				GCC_C_LANGUAGE_STANDARD = gnu11;
				GCC_DYNAMIC_NO_PIC = NO;
				GCC_NO_COMMON_BLOCKS = YES;
				GCC_OPTIMIZATION_LEVEL = 0;
				GCC_PREPROCESSOR_DEFINITIONS = (
					"DEBUG=1",
					"$(inherited)",
				);
				GCC_WARN_64_TO_32_BIT_CONVERSION = YES;
				GCC_WARN_ABOUT_RETURN_TYPE = YES_ERROR;
				GCC_WARN_UNDECLARED_SELECTOR = YES;
				GCC_WARN_UNINITIALIZED_AUTOS = YES_AGGRESSIVE;
				GCC_WARN_UNUSED_FUNCTION = YES;
				GCC_WARN_UNUSED_VARIABLE = YES;
				IPHONEOS_DEPLOYMENT_TARGET = 15.0;
				MTL_ENABLE_DEBUG_INFO = INCLUDE_SOURCE;
				MTL_FAST_MATH = YES;
				ONLY_ACTIVE_ARCH = YES;
				SDKROOT = iphoneos;
				SWIFT_ACTIVE_COMPILATION_CONDITIONS = DEBUG;
				SWIFT_OPTIMIZATION_LEVEL = "-Onone";
			};
			name = Debug;
		};
		B003B48F27E0BDEA000F366B /* Release */ = {
			isa = XCBuildConfiguration;
			buildSettings = {
				ALWAYS_SEARCH_USER_PATHS = NO;
				CLANG_ANALYZER_NONNULL = YES;
				CLANG_ANALYZER_NUMBER_OBJECT_CONVERSION = YES_AGGRESSIVE;
				CLANG_CXX_LANGUAGE_STANDARD = "gnu++17";
				CLANG_CXX_LIBRARY = "libc++";
				CLANG_ENABLE_MODULES = YES;
				CLANG_ENABLE_OBJC_ARC = YES;
				CLANG_ENABLE_OBJC_WEAK = YES;
				CLANG_WARN_BLOCK_CAPTURE_AUTORELEASING = YES;
				CLANG_WARN_BOOL_CONVERSION = YES;
				CLANG_WARN_COMMA = YES;
				CLANG_WARN_CONSTANT_CONVERSION = YES;
				CLANG_WARN_DEPRECATED_OBJC_IMPLEMENTATIONS = YES;
				CLANG_WARN_DIRECT_OBJC_ISA_USAGE = YES_ERROR;
				CLANG_WARN_DOCUMENTATION_COMMENTS = YES;
				CLANG_WARN_EMPTY_BODY = YES;
				CLANG_WARN_ENUM_CONVERSION = YES;
				CLANG_WARN_INFINITE_RECURSION = YES;
				CLANG_WARN_INT_CONVERSION = YES;
				CLANG_WARN_NON_LITERAL_NULL_CONVERSION = YES;
				CLANG_WARN_OBJC_IMPLICIT_RETAIN_SELF = YES;
				CLANG_WARN_OBJC_LITERAL_CONVERSION = YES;
				CLANG_WARN_OBJC_ROOT_CLASS = YES_ERROR;
				CLANG_WARN_QUOTED_INCLUDE_IN_FRAMEWORK_HEADER = YES;
				CLANG_WARN_RANGE_LOOP_ANALYSIS = YES;
				CLANG_WARN_STRICT_PROTOTYPES = YES;
				CLANG_WARN_SUSPICIOUS_MOVE = YES;
				CLANG_WARN_UNGUARDED_AVAILABILITY = YES_AGGRESSIVE;
				CLANG_WARN_UNREACHABLE_CODE = YES;
				CLANG_WARN__DUPLICATE_METHOD_MATCH = YES;
				COPY_PHASE_STRIP = NO;
				DEBUG_INFORMATION_FORMAT = "dwarf-with-dsym";
				ENABLE_NS_ASSERTIONS = NO;
				ENABLE_STRICT_OBJC_MSGSEND = YES;
				GCC_C_LANGUAGE_STANDARD = gnu11;
				GCC_NO_COMMON_BLOCKS = YES;
				GCC_WARN_64_TO_32_BIT_CONVERSION = YES;
				GCC_WARN_ABOUT_RETURN_TYPE = YES_ERROR;
				GCC_WARN_UNDECLARED_SELECTOR = YES;
				GCC_WARN_UNINITIALIZED_AUTOS = YES_AGGRESSIVE;
				GCC_WARN_UNUSED_FUNCTION = YES;
				GCC_WARN_UNUSED_VARIABLE = YES;
				IPHONEOS_DEPLOYMENT_TARGET = 15.0;
				MTL_ENABLE_DEBUG_INFO = NO;
				MTL_FAST_MATH = YES;
				SDKROOT = iphoneos;
				SWIFT_COMPILATION_MODE = wholemodule;
				SWIFT_OPTIMIZATION_LEVEL = "-O";
				VALIDATE_PRODUCT = YES;
			};
			name = Release;
		};
		B003B49127E0BDEA000F366B /* Debug */ = {
			isa = XCBuildConfiguration;
			buildSettings = {
				ASSETCATALOG_COMPILER_APPICON_NAME = AppIcon;
				ASSETCATALOG_COMPILER_GLOBAL_ACCENT_COLOR_NAME = AccentColor;
				CODE_SIGN_STYLE = Automatic;
				CURRENT_PROJECT_VERSION = 1;
				GENERATE_INFOPLIST_FILE = YES;
				INFOPLIST_FILE = ToDoList/Info.plist;
				INFOPLIST_KEY_UIApplicationSupportsIndirectInputEvents = YES;
				INFOPLIST_KEY_UILaunchStoryboardName = LaunchScreen;
				INFOPLIST_KEY_UIMainStoryboardFile = Main;
				INFOPLIST_KEY_UISupportedInterfaceOrientations_iPad = "UIInterfaceOrientationPortrait UIInterfaceOrientationPortraitUpsideDown UIInterfaceOrientationLandscapeLeft UIInterfaceOrientationLandscapeRight";
				INFOPLIST_KEY_UISupportedInterfaceOrientations_iPhone = "UIInterfaceOrientationPortrait UIInterfaceOrientationLandscapeLeft UIInterfaceOrientationLandscapeRight";
				LD_RUNPATH_SEARCH_PATHS = (
					"$(inherited)",
					"@executable_path/Frameworks",
				);
				MARKETING_VERSION = 1.0;
				PRODUCT_BUNDLE_IDENTIFIER = Learning.ToDoList;
				PRODUCT_NAME = "$(TARGET_NAME)";
				SWIFT_EMIT_LOC_STRINGS = YES;
				SWIFT_VERSION = 5.0;
				TARGETED_DEVICE_FAMILY = "1,2";
			};
			name = Debug;
		};
		B003B49227E0BDEA000F366B /* Release */ = {
			isa = XCBuildConfiguration;
			buildSettings = {
				ASSETCATALOG_COMPILER_APPICON_NAME = AppIcon;
				ASSETCATALOG_COMPILER_GLOBAL_ACCENT_COLOR_NAME = AccentColor;
				CODE_SIGN_STYLE = Automatic;
				CURRENT_PROJECT_VERSION = 1;
				GENERATE_INFOPLIST_FILE = YES;
				INFOPLIST_FILE = ToDoList/Info.plist;
				INFOPLIST_KEY_UIApplicationSupportsIndirectInputEvents = YES;
				INFOPLIST_KEY_UILaunchStoryboardName = LaunchScreen;
				INFOPLIST_KEY_UIMainStoryboardFile = Main;
				INFOPLIST_KEY_UISupportedInterfaceOrientations_iPad = "UIInterfaceOrientationPortrait UIInterfaceOrientationPortraitUpsideDown UIInterfaceOrientationLandscapeLeft UIInterfaceOrientationLandscapeRight";
				INFOPLIST_KEY_UISupportedInterfaceOrientations_iPhone = "UIInterfaceOrientationPortrait UIInterfaceOrientationLandscapeLeft UIInterfaceOrientationLandscapeRight";
				LD_RUNPATH_SEARCH_PATHS = (
					"$(inherited)",
					"@executable_path/Frameworks",
				);
				MARKETING_VERSION = 1.0;
				PRODUCT_BUNDLE_IDENTIFIER = Learning.ToDoList;
				PRODUCT_NAME = "$(TARGET_NAME)";
				SWIFT_EMIT_LOC_STRINGS = YES;
				SWIFT_VERSION = 5.0;
				TARGETED_DEVICE_FAMILY = "1,2";
			};
			name = Release;
		};
		B003B49427E0BDEA000F366B /* Debug */ = {
			isa = XCBuildConfiguration;
			buildSettings = {
				ALWAYS_EMBED_SWIFT_STANDARD_LIBRARIES = YES;
				BUNDLE_LOADER = "$(TEST_HOST)";
				CODE_SIGN_STYLE = Automatic;
				CURRENT_PROJECT_VERSION = 1;
				GENERATE_INFOPLIST_FILE = YES;
				IPHONEOS_DEPLOYMENT_TARGET = 15.0;
				LD_RUNPATH_SEARCH_PATHS = (
					"$(inherited)",
					"@executable_path/Frameworks",
					"@loader_path/Frameworks",
				);
				MARKETING_VERSION = 1.0;
				PRODUCT_BUNDLE_IDENTIFIER = Learning.ToDoListTests;
				PRODUCT_NAME = "$(TARGET_NAME)";
				SWIFT_EMIT_LOC_STRINGS = NO;
				SWIFT_VERSION = 5.0;
				TARGETED_DEVICE_FAMILY = "1,2";
				TEST_HOST = "$(BUILT_PRODUCTS_DIR)/ToDoList.app/ToDoList";
			};
			name = Debug;
		};
		B003B49527E0BDEA000F366B /* Release */ = {
			isa = XCBuildConfiguration;
			buildSettings = {
				ALWAYS_EMBED_SWIFT_STANDARD_LIBRARIES = YES;
				BUNDLE_LOADER = "$(TEST_HOST)";
				CODE_SIGN_STYLE = Automatic;
				CURRENT_PROJECT_VERSION = 1;
				GENERATE_INFOPLIST_FILE = YES;
				IPHONEOS_DEPLOYMENT_TARGET = 15.0;
				LD_RUNPATH_SEARCH_PATHS = (
					"$(inherited)",
					"@executable_path/Frameworks",
					"@loader_path/Frameworks",
				);
				MARKETING_VERSION = 1.0;
				PRODUCT_BUNDLE_IDENTIFIER = Learning.ToDoListTests;
				PRODUCT_NAME = "$(TARGET_NAME)";
				SWIFT_EMIT_LOC_STRINGS = NO;
				SWIFT_VERSION = 5.0;
				TARGETED_DEVICE_FAMILY = "1,2";
				TEST_HOST = "$(BUILT_PRODUCTS_DIR)/ToDoList.app/ToDoList";
			};
			name = Release;
		};
		B003B49727E0BDEA000F366B /* Debug */ = {
			isa = XCBuildConfiguration;
			buildSettings = {
				ALWAYS_EMBED_SWIFT_STANDARD_LIBRARIES = YES;
				CODE_SIGN_STYLE = Automatic;
				CURRENT_PROJECT_VERSION = 1;
				GENERATE_INFOPLIST_FILE = YES;
				LD_RUNPATH_SEARCH_PATHS = (
					"$(inherited)",
					"@executable_path/Frameworks",
					"@loader_path/Frameworks",
				);
				MARKETING_VERSION = 1.0;
				PRODUCT_BUNDLE_IDENTIFIER = Learning.ToDoListUITests;
				PRODUCT_NAME = "$(TARGET_NAME)";
				SWIFT_EMIT_LOC_STRINGS = NO;
				SWIFT_VERSION = 5.0;
				TARGETED_DEVICE_FAMILY = "1,2";
				TEST_TARGET_NAME = ToDoList;
			};
			name = Debug;
		};
		B003B49827E0BDEA000F366B /* Release */ = {
			isa = XCBuildConfiguration;
			buildSettings = {
				ALWAYS_EMBED_SWIFT_STANDARD_LIBRARIES = YES;
				CODE_SIGN_STYLE = Automatic;
				CURRENT_PROJECT_VERSION = 1;
				GENERATE_INFOPLIST_FILE = YES;
				LD_RUNPATH_SEARCH_PATHS = (
					"$(inherited)",
					"@executable_path/Frameworks",
					"@loader_path/Frameworks",
				);
				MARKETING_VERSION = 1.0;
				PRODUCT_BUNDLE_IDENTIFIER = Learning.ToDoListUITests;
				PRODUCT_NAME = "$(TARGET_NAME)";
				SWIFT_EMIT_LOC_STRINGS = NO;
				SWIFT_VERSION = 5.0;
				TARGETED_DEVICE_FAMILY = "1,2";
				TEST_TARGET_NAME = ToDoList;
			};
			name = Release;
		};
/* End XCBuildConfiguration section */

/* Begin XCConfigurationList section */
		B003B45E27E0BDE8000F366B /* Build configuration list for PBXProject "ToDoList" */ = {
			isa = XCConfigurationList;
			buildConfigurations = (
				B003B48E27E0BDEA000F366B /* Debug */,
				B003B48F27E0BDEA000F366B /* Release */,
			);
			defaultConfigurationIsVisible = 0;
			defaultConfigurationName = Release;
		};
		B003B49027E0BDEA000F366B /* Build configuration list for PBXNativeTarget "ToDoList" */ = {
			isa = XCConfigurationList;
			buildConfigurations = (
				B003B49127E0BDEA000F366B /* Debug */,
				B003B49227E0BDEA000F366B /* Release */,
			);
			defaultConfigurationIsVisible = 0;
			defaultConfigurationName = Release;
		};
		B003B49327E0BDEA000F366B /* Build configuration list for PBXNativeTarget "ToDoListTests" */ = {
			isa = XCConfigurationList;
			buildConfigurations = (
				B003B49427E0BDEA000F366B /* Debug */,
				B003B49527E0BDEA000F366B /* Release */,
			);
			defaultConfigurationIsVisible = 0;
			defaultConfigurationName = Release;
		};
		B003B49627E0BDEA000F366B /* Build configuration list for PBXNativeTarget "ToDoListUITests" */ = {
			isa = XCConfigurationList;
			buildConfigurations = (
				B003B49727E0BDEA000F366B /* Debug */,
				B003B49827E0BDEA000F366B /* Release */,
			);
			defaultConfigurationIsVisible = 0;
			defaultConfigurationName = Release;
		};
/* End XCConfigurationList section */

/* Begin XCVersionGroup section */
		B003B46F27E0BDE8000F366B /* ToDoList.xcdatamodeld */ = {
			isa = XCVersionGroup;
			children = (
				B003B47027E0BDE8000F366B /* ToDoList.xcdatamodel */,
			);
			currentVersion = B003B47027E0BDE8000F366B /* ToDoList.xcdatamodel */;
			path = ToDoList.xcdatamodeld;
			sourceTree = "<group>";
			versionGroupType = wrapper.xcdatamodel;
		};
/* End XCVersionGroup section */
	};
	rootObject = B003B45B27E0BDE8000F366B /* Project object */;
}
